
Microsoft Visual Studio Solution File, Format Version 12.00
# Visual Studio Version 17
VisualStudioVersion = 17.9.34723.18
MinimumVisualStudioVersion = 10.0.40219.1
Project("{FAE04EC0-301F-11D3-BF4B-00C04F79EFBC}") = "105AngularAppWithNETCoreWebAPI.Server", "105AngularAppWithNETCoreWebAPI.Server\105AngularAppWithNETCoreWebAPI.Server.csproj", "{A033FBEF-94A9-46AC-B9FA-EF4BD0DFCD62}"
EndProject
Project("{54A90642-561A-4BB1-A94E-469ADEE60C69}") = "105angularappwithnetcorewebapi.client", "105angularappwithnetcorewebapi.client\105angularappwithnetcorewebapi.client.esproj", "{5F1B6BCE-D150-45D6-AC14-6AEB8B6D9B97}"
EndProject
Global
	GlobalSection(SolutionConfigurationPlatforms) = preSolution
		Debug|Any CPU = Debug|Any CPU
		Release|Any CPU = Release|Any CPU
	EndGlobalSection
	GlobalSection(ProjectConfigurationPlatforms) = postSolution
		{A033FBEF-94A9-46AC-B9FA-EF4BD0DFCD62}.Debug|Any CPU.ActiveCfg = Debug|Any CPU
		{A033FBEF-94A9-46AC-B9FA-EF4BD0DFCD62}.Debug|Any CPU.Build.0 = Debug|Any CPU
		{A033FBEF-94A9-46AC-B9FA-EF4BD0DFCD62}.Release|Any CPU.ActiveCfg = Release|Any CPU
		{A033FBEF-94A9-46AC-B9FA-EF4BD0DFCD62}.Release|Any CPU.Build.0 = Release|Any CPU
		{5F1B6BCE-D150-45D6-AC14-6AEB8B6D9B97}.Debug|Any CPU.ActiveCfg = Debug|Any CPU
		{5F1B6BCE-D150-45D6-AC14-6AEB8B6D9B97}.Debug|Any CPU.Build.0 = Debug|Any CPU
		{5F1B6BCE-D150-45D6-AC14-6AEB8B6D9B97}.Debug|Any CPU.Deploy.0 = Debug|Any CPU
		{5F1B6BCE-D150-45D6-AC14-6AEB8B6D9B97}.Release|Any CPU.ActiveCfg = Release|Any CPU
		{5F1B6BCE-D150-45D6-AC14-6AEB8B6D9B97}.Release|Any CPU.Build.0 = Release|Any CPU
		{5F1B6BCE-D150-45D6-AC14-6AEB8B6D9B97}.Release|Any CPU.Deploy.0 = Release|Any CPU
	EndGlobalSection
	GlobalSection(SolutionProperties) = preSolution
		HideSolutionNode = FALSE
	EndGlobalSection
	GlobalSection(ExtensibilityGlobals) = postSolution
		SolutionGuid = {4EE237D6-632E-4386-98A5-61CC2F54E2A6}
	EndGlobalSection
EndGlobal
